
Microsoft Visual Studio Solution File, Format Version 12.00
Project("{FAE04EC0-301F-11D3-BF4B-00C04F79EFBC}") = "Controller", "Controller\Controller.csproj", "{C16F36DD-E2E3-4883-986E-139303429BD2}"
EndProject
Project("{FAE04EC0-301F-11D3-BF4B-00C04F79EFBC}") = "Scpi", "Scpi\Scpi.csproj", "{013C538A-C026-4579-9F46-76E81978E565}"
EndProject
Global
	GlobalSection(SolutionConfigurationPlatforms) = preSolution
		Debug|Any CPU = Debug|Any CPU
		Release|Any CPU = Release|Any CPU
	EndGlobalSection
	GlobalSection(ProjectConfigurationPlatforms) = postSolution
		{C16F36DD-E2E3-4883-986E-139303429BD2}.Debug|Any CPU.ActiveCfg = Debug|Any CPU
		{C16F36DD-E2E3-4883-986E-139303429BD2}.Debug|Any CPU.Build.0 = Debug|Any CPU
		{C16F36DD-E2E3-4883-986E-139303429BD2}.Release|Any CPU.ActiveCfg = Release|Any CPU
		{C16F36DD-E2E3-4883-986E-139303429BD2}.Release|Any CPU.Build.0 = Release|Any CPU
		{013C538A-C026-4579-9F46-76E81978E565}.Debug|Any CPU.ActiveCfg = Debug|Any CPU
		{013C538A-C026-4579-9F46-76E81978E565}.Debug|Any CPU.Build.0 = Debug|Any CPU
		{013C538A-C026-4579-9F46-76E81978E565}.Release|Any CPU.ActiveCfg = Release|Any CPU
		{013C538A-C026-4579-9F46-76E81978E565}.Release|Any CPU.Build.0 = Release|Any CPU
	EndGlobalSection
EndGlobal
